// !$*UTF8*$!
{
	archiveVersion = 1;
	classes = {
	};
	objectVersion = 56;
	objects = {

/* Begin PBXBuildFile section */
		6BFAD4EC2AB216BA006F98D6 /* AppDelegate.swift in Sources */ = {isa = PBXBuildFile; fileRef = 6BFAD4EB2AB216BA006F98D6 /* AppDelegate.swift */; };
		6BFAD4EE2AB216BA006F98D6 /* SceneDelegate.swift in Sources */ = {isa = PBXBuildFile; fileRef = 6BFAD4ED2AB216BA006F98D6 /* SceneDelegate.swift */; };
		6BFAD4F02AB216BA006F98D6 /* ViewController.swift in Sources */ = {isa = PBXBuildFile; fileRef = 6BFAD4EF2AB216BA006F98D6 /* ViewController.swift */; };
		6BFAD4F52AB216BB006F98D6 /* Assets.xcassets in Resources */ = {isa = PBXBuildFile; fileRef = 6BFAD4F42AB216BB006F98D6 /* Assets.xcassets */; };
		6BFAD4F82AB216BB006F98D6 /* LaunchScreen.storyboard in Resources */ = {isa = PBXBuildFile; fileRef = 6BFAD4F62AB216BB006F98D6 /* LaunchScreen.storyboard */; };
		6BFAD5232AB31AC7006F98D6 /* Coordinator.swift in Sources */ = {isa = PBXBuildFile; fileRef = 6BFAD5222AB31AC7006F98D6 /* Coordinator.swift */; };
		6BFAD5252AB31B24006F98D6 /* ApplicationCoordinator.swift in Sources */ = {isa = PBXBuildFile; fileRef = 6BFAD5242AB31B24006F98D6 /* ApplicationCoordinator.swift */; };
		6BFAD5292AB338AE006F98D6 /* OnboardingCoordinator.swift in Sources */ = {isa = PBXBuildFile; fileRef = 6BFAD5282AB338AE006F98D6 /* OnboardingCoordinator.swift */; };
		6BFAD52B2AB33904006F98D6 /* OnboardingView.swift in Sources */ = {isa = PBXBuildFile; fileRef = 6BFAD52A2AB33904006F98D6 /* OnboardingView.swift */; };
/* End PBXBuildFile section */

/* Begin PBXFileReference section */
		6BFAD4E82AB216BA006F98D6 /* CoordinatorFundamentals.app */ = {isa = PBXFileReference; explicitFileType = wrapper.application; includeInIndex = 0; path = CoordinatorFundamentals.app; sourceTree = BUILT_PRODUCTS_DIR; };
		6BFAD4EB2AB216BA006F98D6 /* AppDelegate.swift */ = {isa = PBXFileReference; lastKnownFileType = sourcecode.swift; path = AppDelegate.swift; sourceTree = "<group>"; };
		6BFAD4ED2AB216BA006F98D6 /* SceneDelegate.swift */ = {isa = PBXFileReference; lastKnownFileType = sourcecode.swift; path = SceneDelegate.swift; sourceTree = "<group>"; };
		6BFAD4EF2AB216BA006F98D6 /* ViewController.swift */ = {isa = PBXFileReference; lastKnownFileType = sourcecode.swift; path = ViewController.swift; sourceTree = "<group>"; };
		6BFAD4F42AB216BB006F98D6 /* Assets.xcassets */ = {isa = PBXFileReference; lastKnownFileType = folder.assetcatalog; path = Assets.xcassets; sourceTree = "<group>"; };
		6BFAD4F72AB216BB006F98D6 /* Base */ = {isa = PBXFileReference; lastKnownFileType = file.storyboard; name = Base; path = Base.lproj/LaunchScreen.storyboard; sourceTree = "<group>"; };
		6BFAD4F92AB216BB006F98D6 /* Info.plist */ = {isa = PBXFileReference; lastKnownFileType = text.plist.xml; path = Info.plist; sourceTree = "<group>"; };
		6BFAD5222AB31AC7006F98D6 /* Coordinator.swift */ = {isa = PBXFileReference; lastKnownFileType = sourcecode.swift; path = Coordinator.swift; sourceTree = "<group>"; };
		6BFAD5242AB31B24006F98D6 /* ApplicationCoordinator.swift */ = {isa = PBXFileReference; lastKnownFileType = sourcecode.swift; path = ApplicationCoordinator.swift; sourceTree = "<group>"; };
		6BFAD5282AB338AE006F98D6 /* OnboardingCoordinator.swift */ = {isa = PBXFileReference; lastKnownFileType = sourcecode.swift; path = OnboardingCoordinator.swift; sourceTree = "<group>"; };
		6BFAD52A2AB33904006F98D6 /* OnboardingView.swift */ = {isa = PBXFileReference; lastKnownFileType = sourcecode.swift; path = OnboardingView.swift; sourceTree = "<group>"; };
/* End PBXFileReference section */

/* Begin PBXFrameworksBuildPhase section */
		6BFAD4E52AB216BA006F98D6 /* Frameworks */ = {
			isa = PBXFrameworksBuildPhase;
			buildActionMask = 2147483647;
			files = (
			);
			runOnlyForDeploymentPostprocessing = 0;
		};
/* End PBXFrameworksBuildPhase section */

/* Begin PBXGroup section */
		6BFAD4DF2AB216BA006F98D6 = {
			isa = PBXGroup;
			children = (
				6BFAD4EA2AB216BA006F98D6 /* CoordinatorFundamentals */,
				6BFAD4E92AB216BA006F98D6 /* Products */,
			);
			sourceTree = "<group>";
		};
		6BFAD4E92AB216BA006F98D6 /* Products */ = {
			isa = PBXGroup;
			children = (
				6BFAD4E82AB216BA006F98D6 /* CoordinatorFundamentals.app */,
			);
			name = Products;
			sourceTree = "<group>";
		};
		6BFAD4EA2AB216BA006F98D6 /* CoordinatorFundamentals */ = {
			isa = PBXGroup;
			children = (
				6BFAD5202AB31A5E006F98D6 /* Application */,
				6BFAD5272AB3385B006F98D6 /* Main */,
				6BFAD5262AB3384E006F98D6 /* Onboarding */,
				6BFAD5212AB31A7B006F98D6 /* Main ViewController */,
				6BFAD51F2AB31A4C006F98D6 /* Protocols */,
				6BFAD4F42AB216BB006F98D6 /* Assets.xcassets */,
				6BFAD4F62AB216BB006F98D6 /* LaunchScreen.storyboard */,
				6BFAD4F92AB216BB006F98D6 /* Info.plist */,
			);
			path = CoordinatorFundamentals;
			sourceTree = "<group>";
		};
		6BFAD51F2AB31A4C006F98D6 /* Protocols */ = {
			isa = PBXGroup;
			children = (
				6BFAD5222AB31AC7006F98D6 /* Coordinator.swift */,
			);
			path = Protocols;
			sourceTree = "<group>";
		};
		6BFAD5202AB31A5E006F98D6 /* Application */ = {
			isa = PBXGroup;
			children = (
				6BFAD4EB2AB216BA006F98D6 /* AppDelegate.swift */,
				6BFAD4ED2AB216BA006F98D6 /* SceneDelegate.swift */,
			);
			path = Application;
			sourceTree = "<group>";
		};
		6BFAD5212AB31A7B006F98D6 /* Main ViewController */ = {
			isa = PBXGroup;
			children = (
				6BFAD4EF2AB216BA006F98D6 /* ViewController.swift */,
				6BFAD5242AB31B24006F98D6 /* ApplicationCoordinator.swift */,
			);
			path = "Main ViewController";
			sourceTree = "<group>";
		};
		6BFAD5262AB3384E006F98D6 /* Onboarding */ = {
			isa = PBXGroup;
			children = (
				6BFAD5282AB338AE006F98D6 /* OnboardingCoordinator.swift */,
				6BFAD52A2AB33904006F98D6 /* OnboardingView.swift */,
			);
			path = Onboarding;
			sourceTree = "<group>";
		};
		6BFAD5272AB3385B006F98D6 /* Main */ = {
			isa = PBXGroup;
			children = (
			);
			path = Main;
			sourceTree = "<group>";
		};
/* End PBXGroup section */

/* Begin PBXNativeTarget section */
		6BFAD4E72AB216BA006F98D6 /* CoordinatorFundamentals */ = {
			isa = PBXNativeTarget;
			buildConfigurationList = 6BFAD4FC2AB216BB006F98D6 /* Build configuration list for PBXNativeTarget "CoordinatorFundamentals" */;
			buildPhases = (
				6BFAD4E42AB216BA006F98D6 /* Sources */,
				6BFAD4E52AB216BA006F98D6 /* Frameworks */,
				6BFAD4E62AB216BA006F98D6 /* Resources */,
			);
			buildRules = (
			);
			dependencies = (
			);
			name = CoordinatorFundamentals;
			productName = CoordinatorFundamentals;
			productReference = 6BFAD4E82AB216BA006F98D6 /* CoordinatorFundamentals.app */;
			productType = "com.apple.product-type.application";
		};
/* End PBXNativeTarget section */

/* Begin PBXProject section */
		6BFAD4E02AB216BA006F98D6 /* Project object */ = {
			isa = PBXProject;
			attributes = {
				BuildIndependentTargetsInParallel = 1;
				LastSwiftUpdateCheck = 1430;
				LastUpgradeCheck = 1430;
				TargetAttributes = {
					6BFAD4E72AB216BA006F98D6 = {
						CreatedOnToolsVersion = 14.3.1;
					};
				};
			};
			buildConfigurationList = 6BFAD4E32AB216BA006F98D6 /* Build configuration list for PBXProject "CoordinatorFundamentals" */;
			compatibilityVersion = "Xcode 14.0";
			developmentRegion = en;
			hasScannedForEncodings = 0;
			knownRegions = (
				en,
				Base,
			);
			mainGroup = 6BFAD4DF2AB216BA006F98D6;
			productRefGroup = 6BFAD4E92AB216BA006F98D6 /* Products */;
			projectDirPath = "";
			projectRoot = "";
			targets = (
				6BFAD4E72AB216BA006F98D6 /* CoordinatorFundamentals */,
			);
		};
/* End PBXProject section */

/* Begin PBXResourcesBuildPhase section */
		6BFAD4E62AB216BA006F98D6 /* Resources */ = {
			isa = PBXResourcesBuildPhase;
			buildActionMask = 2147483647;
			files = (
				6BFAD4F82AB216BB006F98D6 /* LaunchScreen.storyboard in Resources */,
				6BFAD4F52AB216BB006F98D6 /* Assets.xcassets in Resources */,
			);
			runOnlyForDeploymentPostprocessing = 0;
		};
/* End PBXResourcesBuildPhase section */

/* Begin PBXSourcesBuildPhase section */
		6BFAD4E42AB216BA006F98D6 /* Sources */ = {
			isa = PBXSourcesBuildPhase;
			buildActionMask = 2147483647;
			files = (
				6BFAD5252AB31B24006F98D6 /* ApplicationCoordinator.swift in Sources */,
				6BFAD5292AB338AE006F98D6 /* OnboardingCoordinator.swift in Sources */,
				6BFAD5232AB31AC7006F98D6 /* Coordinator.swift in Sources */,
				6BFAD4F02AB216BA006F98D6 /* ViewController.swift in Sources */,
				6BFAD4EC2AB216BA006F98D6 /* AppDelegate.swift in Sources */,
				6BFAD4EE2AB216BA006F98D6 /* SceneDelegate.swift in Sources */,
				6BFAD52B2AB33904006F98D6 /* OnboardingView.swift in Sources */,
			);
			runOnlyForDeploymentPostprocessing = 0;
		};
/* End PBXSourcesBuildPhase section */

/* Begin PBXVariantGroup section */
		6BFAD4F62AB216BB006F98D6 /* LaunchScreen.storyboard */ = {
			isa = PBXVariantGroup;
			children = (
				6BFAD4F72AB216BB006F98D6 /* Base */,
			);
			name = LaunchScreen.storyboard;
			sourceTree = "<group>";
		};
/* End PBXVariantGroup section */

/* Begin XCBuildConfiguration section */
		6BFAD4FA2AB216BB006F98D6 /* Debug */ = {
			isa = XCBuildConfiguration;
			buildSettings = {
				ALWAYS_SEARCH_USER_PATHS = NO;
				CLANG_ANALYZER_NONNULL = YES;
				CLANG_ANALYZER_NUMBER_OBJECT_CONVERSION = YES_AGGRESSIVE;
				CLANG_CXX_LANGUAGE_STANDARD = "gnu++20";
				CLANG_ENABLE_MODULES = YES;
				CLANG_ENABLE_OBJC_ARC = YES;
				CLANG_ENABLE_OBJC_WEAK = YES;
				CLANG_WARN_BLOCK_CAPTURE_AUTORELEASING = YES;
				CLANG_WARN_BOOL_CONVERSION = YES;
				CLANG_WARN_COMMA = YES;
				CLANG_WARN_CONSTANT_CONVERSION = YES;
				CLANG_WARN_DEPRECATED_OBJC_IMPLEMENTATIONS = YES;
				CLANG_WARN_DIRECT_OBJC_ISA_USAGE = YES_ERROR;
				CLANG_WARN_DOCUMENTATION_COMMENTS = YES;
				CLANG_WARN_EMPTY_BODY = YES;
				CLANG_WARN_ENUM_CONVERSION = YES;
				CLANG_WARN_INFINITE_RECURSION = YES;
				CLANG_WARN_INT_CONVERSION = YES;
				CLANG_WARN_NON_LITERAL_NULL_CONVERSION = YES;
				CLANG_WARN_OBJC_IMPLICIT_RETAIN_SELF = YES;
				CLANG_WARN_OBJC_LITERAL_CONVERSION = YES;
				CLANG_WARN_OBJC_ROOT_CLASS = YES_ERROR;
				CLANG_WARN_QUOTED_INCLUDE_IN_FRAMEWORK_HEADER = YES;
				CLANG_WARN_RANGE_LOOP_ANALYSIS = YES;
				CLANG_WARN_STRICT_PROTOTYPES = YES;
				CLANG_WARN_SUSPICIOUS_MOVE = YES;
				CLANG_WARN_UNGUARDED_AVAILABILITY = YES_AGGRESSIVE;
				CLANG_WARN_UNREACHABLE_CODE = YES;
				CLANG_WARN__DUPLICATE_METHOD_MATCH = YES;
				COPY_PHASE_STRIP = NO;
				DEBUG_INFORMATION_FORMAT = dwarf;
				ENABLE_STRICT_OBJC_MSGSEND = YES;
				ENABLE_TESTABILITY = YES;
				GCC_C_LANGUAGE_STANDARD = gnu11;
				GCC_DYNAMIC_NO_PIC = NO;
				GCC_NO_COMMON_BLOCKS = YES;
				GCC_OPTIMIZATION_LEVEL = 0;
				GCC_PREPROCESSOR_DEFINITIONS = (
					"DEBUG=1",
					"$(inherited)",
				);
				GCC_WARN_64_TO_32_BIT_CONVERSION = YES;
				GCC_WARN_ABOUT_RETURN_TYPE = YES_ERROR;
				GCC_WARN_UNDECLARED_SELECTOR = YES;
				GCC_WARN_UNINITIALIZED_AUTOS = YES_AGGRESSIVE;
				GCC_WARN_UNUSED_FUNCTION = YES;
				GCC_WARN_UNUSED_VARIABLE = YES;
				IPHONEOS_DEPLOYMENT_TARGET = 16.4;
				MTL_ENABLE_DEBUG_INFO = INCLUDE_SOURCE;
				MTL_FAST_MATH = YES;
				ONLY_ACTIVE_ARCH = YES;
				SDKROOT = iphoneos;
				SWIFT_ACTIVE_COMPILATION_CONDITIONS = DEBUG;
				SWIFT_OPTIMIZATION_LEVEL = "-Onone";
			};
			name = Debug;
		};
		6BFAD4FB2AB216BB006F98D6 /* Release */ = {
			isa = XCBuildConfiguration;
			buildSettings = {
				ALWAYS_SEARCH_USER_PATHS = NO;
				CLANG_ANALYZER_NONNULL = YES;
				CLANG_ANALYZER_NUMBER_OBJECT_CONVERSION = YES_AGGRESSIVE;
				CLANG_CXX_LANGUAGE_STANDARD = "gnu++20";
				CLANG_ENABLE_MODULES = YES;
				CLANG_ENABLE_OBJC_ARC = YES;
				CLANG_ENABLE_OBJC_WEAK = YES;
				CLANG_WARN_BLOCK_CAPTURE_AUTORELEASING = YES;
				CLANG_WARN_BOOL_CONVERSION = YES;
				CLANG_WARN_COMMA = YES;
				CLANG_WARN_CONSTANT_CONVERSION = YES;
				CLANG_WARN_DEPRECATED_OBJC_IMPLEMENTATIONS = YES;
				CLANG_WARN_DIRECT_OBJC_ISA_USAGE = YES_ERROR;
				CLANG_WARN_DOCUMENTATION_COMMENTS = YES;
				CLANG_WARN_EMPTY_BODY = YES;
				CLANG_WARN_ENUM_CONVERSION = YES;
				CLANG_WARN_INFINITE_RECURSION = YES;
				CLANG_WARN_INT_CONVERSION = YES;
				CLANG_WARN_NON_LITERAL_NULL_CONVERSION = YES;
				CLANG_WARN_OBJC_IMPLICIT_RETAIN_SELF = YES;
				CLANG_WARN_OBJC_LITERAL_CONVERSION = YES;
				CLANG_WARN_OBJC_ROOT_CLASS = YES_ERROR;
				CLANG_WARN_QUOTED_INCLUDE_IN_FRAMEWORK_HEADER = YES;
				CLANG_WARN_RANGE_LOOP_ANALYSIS = YES;
				CLANG_WARN_STRICT_PROTOTYPES = YES;
				CLANG_WARN_SUSPICIOUS_MOVE = YES;
				CLANG_WARN_UNGUARDED_AVAILABILITY = YES_AGGRESSIVE;
				CLANG_WARN_UNREACHABLE_CODE = YES;
				CLANG_WARN__DUPLICATE_METHOD_MATCH = YES;
				COPY_PHASE_STRIP = NO;
				DEBUG_INFORMATION_FORMAT = "dwarf-with-dsym";
				ENABLE_NS_ASSERTIONS = NO;
				ENABLE_STRICT_OBJC_MSGSEND = YES;
				GCC_C_LANGUAGE_STANDARD = gnu11;
				GCC_NO_COMMON_BLOCKS = YES;
				GCC_WARN_64_TO_32_BIT_CONVERSION = YES;
				GCC_WARN_ABOUT_RETURN_TYPE = YES_ERROR;
				GCC_WARN_UNDECLARED_SELECTOR = YES;
				GCC_WARN_UNINITIALIZED_AUTOS = YES_AGGRESSIVE;
				GCC_WARN_UNUSED_FUNCTION = YES;
				GCC_WARN_UNUSED_VARIABLE = YES;
				IPHONEOS_DEPLOYMENT_TARGET = 16.4;
				MTL_ENABLE_DEBUG_INFO = NO;
				MTL_FAST_MATH = YES;
				SDKROOT = iphoneos;
				SWIFT_COMPILATION_MODE = wholemodule;
				SWIFT_OPTIMIZATION_LEVEL = "-O";
				VALIDATE_PRODUCT = YES;
			};
			name = Release;
		};
		6BFAD4FD2AB216BB006F98D6 /* Debug */ = {
			isa = XCBuildConfiguration;
			buildSettings = {
				ASSETCATALOG_COMPILER_APPICON_NAME = AppIcon;
				ASSETCATALOG_COMPILER_GLOBAL_ACCENT_COLOR_NAME = AccentColor;
				CODE_SIGN_STYLE = Automatic;
				CURRENT_PROJECT_VERSION = 1;
				DEVELOPMENT_TEAM = RQQ325J47J;
				GENERATE_INFOPLIST_FILE = YES;
				INFOPLIST_FILE = CoordinatorFundamentals/Info.plist;
				INFOPLIST_KEY_UIApplicationSupportsIndirectInputEvents = YES;
				INFOPLIST_KEY_UILaunchStoryboardName = LaunchScreen;
				INFOPLIST_KEY_UISupportedInterfaceOrientations_iPad = "UIInterfaceOrientationPortrait UIInterfaceOrientationPortraitUpsideDown UIInterfaceOrientationLandscapeLeft UIInterfaceOrientationLandscapeRight";
				INFOPLIST_KEY_UISupportedInterfaceOrientations_iPhone = "UIInterfaceOrientationPortrait UIInterfaceOrientationLandscapeLeft UIInterfaceOrientationLandscapeRight";
				IPHONEOS_DEPLOYMENT_TARGET = 14.0;
				LD_RUNPATH_SEARCH_PATHS = (
					"$(inherited)",
					"@executable_path/Frameworks",
				);
				MARKETING_VERSION = 1.0;
				PRODUCT_BUNDLE_IDENTIFIER = com.mommosadeghi.CoordinatorFundamentals;
				PRODUCT_NAME = "$(TARGET_NAME)";
				SWIFT_EMIT_LOC_STRINGS = YES;
				SWIFT_VERSION = 5.0;
				TARGETED_DEVICE_FAMILY = "1,2";
			};
			name = Debug;
		};
		6BFAD4FE2AB216BB006F98D6 /* Release */ = {
			isa = XCBuildConfiguration;
			buildSettings = {
				ASSETCATALOG_COMPILER_APPICON_NAME = AppIcon;
				ASSETCATALOG_COMPILER_GLOBAL_ACCENT_COLOR_NAME = AccentColor;
				CODE_SIGN_STYLE = Automatic;
				CURRENT_PROJECT_VERSION = 1;
				DEVELOPMENT_TEAM = RQQ325J47J;
				GENERATE_INFOPLIST_FILE = YES;
				INFOPLIST_FILE = CoordinatorFundamentals/Info.plist;
				INFOPLIST_KEY_UIApplicationSupportsIndirectInputEvents = YES;
				INFOPLIST_KEY_UILaunchStoryboardName = LaunchScreen;
				INFOPLIST_KEY_UISupportedInterfaceOrientations_iPad = "UIInterfaceOrientationPortrait UIInterfaceOrientationPortraitUpsideDown UIInterfaceOrientationLandscapeLeft UIInterfaceOrientationLandscapeRight";
				INFOPLIST_KEY_UISupportedInterfaceOrientations_iPhone = "UIInterfaceOrientationPortrait UIInterfaceOrientationLandscapeLeft UIInterfaceOrientationLandscapeRight";
				IPHONEOS_DEPLOYMENT_TARGET = 14.0;
				LD_RUNPATH_SEARCH_PATHS = (
					"$(inherited)",
					"@executable_path/Frameworks",
				);
				MARKETING_VERSION = 1.0;
				PRODUCT_BUNDLE_IDENTIFIER = com.mommosadeghi.CoordinatorFundamentals;
				PRODUCT_NAME = "$(TARGET_NAME)";
				SWIFT_EMIT_LOC_STRINGS = YES;
				SWIFT_VERSION = 5.0;
				TARGETED_DEVICE_FAMILY = "1,2";
			};
			name = Release;
		};
/* End XCBuildConfiguration section */

/* Begin XCConfigurationList section */
		6BFAD4E32AB216BA006F98D6 /* Build configuration list for PBXProject "CoordinatorFundamentals" */ = {
			isa = XCConfigurationList;
			buildConfigurations = (
				6BFAD4FA2AB216BB006F98D6 /* Debug */,
				6BFAD4FB2AB216BB006F98D6 /* Release */,
			);
			defaultConfigurationIsVisible = 0;
			defaultConfigurationName = Release;
		};
		6BFAD4FC2AB216BB006F98D6 /* Build configuration list for PBXNativeTarget "CoordinatorFundamentals" */ = {
			isa = XCConfigurationList;
			buildConfigurations = (
				6BFAD4FD2AB216BB006F98D6 /* Debug */,
				6BFAD4FE2AB216BB006F98D6 /* Release */,
			);
			defaultConfigurationIsVisible = 0;
			defaultConfigurationName = Release;
		};
/* End XCConfigurationList section */
	};
	rootObject = 6BFAD4E02AB216BA006F98D6 /* Project object */;
}
